<?xml version="1.0" encoding="utf-8"?>
<Project ToolsVersion="4.0" xmlns="http://schemas.microsoft.com/developer/msbuild/2003">
  <ItemGroup>
    <Filter Include="소스 파일">
      <UniqueIdentifier>{4FC737F1-C7A5-4376-A066-2A32D752A2FF}</UniqueIdentifier>
      <Extensions>cpp;c;cc;cxx;def;odl;idl;hpj;bat;asm;asmx</Extensions>
    </Filter>
    <Filter Include="헤더 파일">
      <UniqueIdentifier>{93995380-89BD-4b04-88EB-625FBE52EBFB}</UniqueIdentifier>
      <Extensions>h;hh;hpp;hxx;hm;inl;inc;xsd</Extensions>
    </Filter>
    <Filter Include="리소스 파일">
      <UniqueIdentifier>{67DA6AB6-F800-4c08-8B7A-83BB121AAD01}</UniqueIdentifier>
      <Extensions>rc;ico;cur;bmp;dlg;rc2;rct;bin;rgs;gif;jpg;jpeg;jpe;resx;tiff;tif;png;wav;mfcribbon-ms</Extensions>
    </Filter>
    <Filter Include="GameObject">
      <UniqueIdentifier>{4b02fee5-f24f-418d-b74d-08444da61aff}</UniqueIdentifier>
    </Filter>
    <Filter Include="operator">
      <UniqueIdentifier>{1614eec8-a926-4b1e-92e7-a4c4f0ee945f}</UniqueIdentifier>
    </Filter>
    <Filter Include="Point">
      <UniqueIdentifier>{9549f899-5e3d-49f9-8c1a-1c58b7f7a512}</UniqueIdentifier>
    </Filter>
    <Filter Include="GameObject\GameMoveObject">
      <UniqueIdentifier>{5b532f66-1e0f-4ff9-a286-52b5022f0db6}</UniqueIdentifier>
    </Filter>
    <Filter Include="GameObject\BitmapObject">
      <UniqueIdentifier>{e91d5eb5-215e-4277-813f-e01a1ac8caba}</UniqueIdentifier>
    </Filter>
    <Filter Include="GameObject\BitmapObject\Sprite">
      <UniqueIdentifier>{3080e330-f2af-4b8f-b6d6-e188625ba59b}</UniqueIdentifier>
    </Filter>
    <Filter Include="Sound">
      <UniqueIdentifier>{a8e16326-cfb5-43cd-aa83-978113c4a52d}</UniqueIdentifier>
    </Filter>
    <Filter Include="GameObject\button">
      <UniqueIdentifier>{9ab20356-7e31-4c56-b82a-1e6351eaa722}</UniqueIdentifier>
    </Filter>
    <Filter Include="GameObject\GameMoveObject\Unit">
      <UniqueIdentifier>{90c7415b-ddf2-40fe-b51b-a80720813bbd}</UniqueIdentifier>
    </Filter>
    <Filter Include="GameObject\GameMoveObject\Unit\Player">
      <UniqueIdentifier>{5ac1e9a2-07c4-4d03-bfd0-72182ff703db}</UniqueIdentifier>
    </Filter>
    <Filter Include="GameObject\GameMoveObject\Bullet">
      <UniqueIdentifier>{22b43b42-a7d8-490c-b6a7-bc223fff27cb}</UniqueIdentifier>
    </Filter>
    <Filter Include="FrameWork&amp;Scene">
      <UniqueIdentifier>{21d9346b-f85e-4d3d-a1f7-df203ff21716}</UniqueIdentifier>
    </Filter>
    <Filter Include="FrameWork&amp;Scene\Scene">
      <UniqueIdentifier>{42aa3568-a178-4302-a9b6-583e534f5ebc}</UniqueIdentifier>
    </Filter>
    <Filter Include="FrameWork&amp;Scene\Scene\Logo">
      <UniqueIdentifier>{03000b2d-536d-4906-9e11-47358595ed63}</UniqueIdentifier>
    </Filter>
    <Filter Include="FrameWork&amp;Scene\Scene\Menu">
      <UniqueIdentifier>{8499592d-18b2-4a85-9916-d743f931b42b}</UniqueIdentifier>
    </Filter>
    <Filter Include="FrameWork&amp;Scene\Scene\Game">
      <UniqueIdentifier>{91994b32-ea84-4e5e-b7d4-c08a7b6fb054}</UniqueIdentifier>
    </Filter>
    <Filter Include="FrameWork&amp;Scene\Scene\Help">
      <UniqueIdentifier>{d8d82bdd-d0b8-4bb4-a302-94297f0190ab}</UniqueIdentifier>
    </Filter>
    <Filter Include="FrameWork&amp;Scene\Scene\WrapLogo">
      <UniqueIdentifier>{cb87aa29-b244-41f7-9157-c97018bc7786}</UniqueIdentifier>
    </Filter>
    <Filter Include="FrameWork&amp;Scene\Scene_Child">
      <UniqueIdentifier>{84d8b9f5-1585-4af8-af24-4d0afafa7cac}</UniqueIdentifier>
    </Filter>
    <Filter Include="FrameWork&amp;Scene\GameFrameWork">
      <UniqueIdentifier>{4e9afde5-8381-4d56-bf3f-d42f505aa9e4}</UniqueIdentifier>
    </Filter>
    <Filter Include="FrameWork&amp;Scene\Scene_Child\EditScene">
      <UniqueIdentifier>{c9c73491-503c-4504-a72e-a008cf3a6fbb}</UniqueIdentifier>
    </Filter>
    <Filter Include="FrameWork&amp;Scene\Scene_Child\GameOver">
      <UniqueIdentifier>{41a0ce82-ab9f-4e4c-af0a-3661e3256c7a}</UniqueIdentifier>
    </Filter>
    <Filter Include="Manager">
      <UniqueIdentifier>{2691adfa-f5a0-4166-a1ec-a7eef5e49cc3}</UniqueIdentifier>
    </Filter>
  </ItemGroup>
  <ItemGroup>
    <Text Include="ReadMe.txt" />
  </ItemGroup>
  <ItemGroup>
    <ClInclude Include="stdafx.h">
      <Filter>헤더 파일</Filter>
    </ClInclude>
    <ClInclude Include="targetver.h">
      <Filter>헤더 파일</Filter>
    </ClInclude>
    <ClInclude Include="Resource.h">
      <Filter>헤더 파일</Filter>
    </ClInclude>
    <ClInclude Include="Satellite.h">
      <Filter>헤더 파일</Filter>
    </ClInclude>
    <ClInclude Include="GameFrameWork.h">
      <Filter>FrameWork&amp;Scene\GameFrameWork</Filter>
    </ClInclude>
    <ClInclude Include="Scene.h">
      <Filter>FrameWork&amp;Scene\Scene</Filter>
    </ClInclude>
    <ClInclude Include="Logo.h">
      <Filter>FrameWork&amp;Scene\Scene\Logo</Filter>
    </ClInclude>
    <ClInclude Include="operator.h">
      <Filter>operator</Filter>
    </ClInclude>
    <ClInclude Include="Point.h">
      <Filter>Point</Filter>
    </ClInclude>
    <ClInclude Include="Point3.h">
      <Filter>Point</Filter>
    </ClInclude>
    <ClInclude Include="GameMoveObject.h">
      <Filter>GameObject\GameMoveObject</Filter>
    </ClInclude>
    <ClInclude Include="GameObject.h">
      <Filter>GameObject</Filter>
    </ClInclude>
    <ClInclude Include="BitmapObject.h">
      <Filter>GameObject\BitmapObject</Filter>
    </ClInclude>
    <ClInclude Include="Sprite.h">
      <Filter>GameObject\BitmapObject\Sprite</Filter>
    </ClInclude>
    <ClInclude Include="MenuScene.h">
      <Filter>FrameWork&amp;Scene\Scene\Menu</Filter>
    </ClInclude>
    <ClInclude Include="Sound.h">
      <Filter>Sound</Filter>
    </ClInclude>
    <ClInclude Include="Button.h">
      <Filter>GameObject\button</Filter>
    </ClInclude>
    <ClInclude Include="Player.h">
      <Filter>GameObject\GameMoveObject\Unit\Player</Filter>
    </ClInclude>
    <ClInclude Include="HelpScene.h">
      <Filter>FrameWork&amp;Scene\Scene\Help</Filter>
    </ClInclude>
    <ClInclude Include="Unit.h">
      <Filter>GameObject\GameMoveObject\Unit</Filter>
    </ClInclude>
    <ClInclude Include="Matrix.h">
      <Filter>Point</Filter>
    </ClInclude>
    <ClInclude Include="Vector.h">
      <Filter>Point</Filter>
    </ClInclude>
    <ClInclude Include="Logo3DScene.h">
      <Filter>FrameWork&amp;Scene\Scene\WrapLogo</Filter>
    </ClInclude>
    <ClInclude Include="ChildScene.h">
      <Filter>FrameWork&amp;Scene\Scene_Child</Filter>
    </ClInclude>
    <ClInclude Include="GameScene.h">
      <Filter>FrameWork&amp;Scene\Scene\Game</Filter>
    </ClInclude>
    <ClInclude Include="EditChildScene.h">
      <Filter>FrameWork&amp;Scene\Scene_Child\EditScene</Filter>
    </ClInclude>
    <ClInclude Include="GameOverScene.h">
      <Filter>FrameWork&amp;Scene\Scene_Child\GameOver</Filter>
    </ClInclude>
    <ClInclude Include="BulletManager.h">
      <Filter>Manager</Filter>
    </ClInclude>
  </ItemGroup>
  <ItemGroup>
    <ClCompile Include="stdafx.cpp">
      <Filter>소스 파일</Filter>
    </ClCompile>
    <ClCompile Include="Satellite.cpp">
      <Filter>소스 파일</Filter>
    </ClCompile>
    <ClCompile Include="GameFrameWork.cpp">
      <Filter>FrameWork&amp;Scene\GameFrameWork</Filter>
    </ClCompile>
    <ClCompile Include="Scene.cpp">
      <Filter>FrameWork&amp;Scene\Scene</Filter>
    </ClCompile>
    <ClCompile Include="Logo.cpp">
      <Filter>FrameWork&amp;Scene\Scene\Logo</Filter>
    </ClCompile>
    <ClCompile Include="operator.cpp">
      <Filter>operator</Filter>
    </ClCompile>
    <ClCompile Include="Point.cpp">
      <Filter>Point</Filter>
    </ClCompile>
    <ClCompile Include="Point3.cpp">
      <Filter>Point</Filter>
    </ClCompile>
    <ClCompile Include="GameMoveObject.cpp">
      <Filter>GameObject\GameMoveObject</Filter>
    </ClCompile>
    <ClCompile Include="GameObject.cpp">
      <Filter>GameObject</Filter>
    </ClCompile>
    <ClCompile Include="BitmapObject.cpp">
      <Filter>GameObject\BitmapObject</Filter>
    </ClCompile>
    <ClCompile Include="Sprite.cpp">
      <Filter>GameObject\BitmapObject\Sprite</Filter>
    </ClCompile>
    <ClCompile Include="MenuScene.cpp">
      <Filter>FrameWork&amp;Scene\Scene\Menu</Filter>
    </ClCompile>
    <ClCompile Include="Sound.cpp">
      <Filter>Sound</Filter>
    </ClCompile>
    <ClCompile Include="Button.cpp">
      <Filter>GameObject\button</Filter>
    </ClCompile>
    <ClCompile Include="Player.cpp">
      <Filter>GameObject\GameMoveObject\Unit\Player</Filter>
    </ClCompile>
    <ClCompile Include="HelpScene.cpp">
      <Filter>FrameWork&amp;Scene\Scene\Help</Filter>
    </ClCompile>
    <ClCompile Include="Unit.cpp">
      <Filter>GameObject\GameMoveObject\Unit</Filter>
    </ClCompile>
    <ClCompile Include="Matrix.cpp">
      <Filter>Point</Filter>
    </ClCompile>
    <ClCompile Include="Vector.cpp">
      <Filter>Point</Filter>
    </ClCompile>
    <ClCompile Include="Logo3DScene.cpp">
      <Filter>FrameWork&amp;Scene\Scene\WrapLogo</Filter>
    </ClCompile>
    <ClCompile Include="ChildScene.cpp">
      <Filter>FrameWork&amp;Scene\Scene_Child</Filter>
    </ClCompile>
    <ClCompile Include="GameScene.cpp">
      <Filter>FrameWork&amp;Scene\Scene\Game</Filter>
    </ClCompile>
    <ClCompile Include="EditChildScene.cpp">
      <Filter>FrameWork&amp;Scene\Scene_Child\EditScene</Filter>
    </ClCompile>
    <ClCompile Include="GameOverScene.cpp">
      <Filter>FrameWork&amp;Scene\Scene_Child\GameOver</Filter>
    </ClCompile>
    <ClCompile Include="BulletManager.cpp">
      <Filter>Manager</Filter>
    </ClCompile>
  </ItemGroup>
  <ItemGroup>
    <ResourceCompile Include="Satellite.rc">
      <Filter>리소스 파일</Filter>
    </ResourceCompile>
  </ItemGroup>
  <ItemGroup>
    <Image Include="small.ico">
      <Filter>리소스 파일</Filter>
    </Image>
    <Image Include="Satellite.ico">
      <Filter>리소스 파일</Filter>
    </Image>
  </ItemGroup>
</Project>